
Microsoft Visual Studio Solution File, Format Version 12.00
# Visual Studio Version 17
VisualStudioVersion = 17.14.36203.30
MinimumVisualStudioVersion = 10.0.40219.1
Project("{FAE04EC0-301F-11D3-BF4B-00C04F79EFBC}") = "MorpionHaha", "MorpionHaha\MorpionHaha.csproj", "{4CA58D2C-BC1A-4080-982F-93A69E998EBF}"
EndProject
Global
	GlobalSection(SolutionConfigurationPlatforms) = preSolution
		Debug|Any CPU = Debug|Any CPU
		Release|Any CPU = Release|Any CPU
	EndGlobalSection
	GlobalSection(ProjectConfigurationPlatforms) = postSolution
		{4CA58D2C-BC1A-4080-982F-93A69E998EBF}.Debug|Any CPU.ActiveCfg = Debug|Any CPU
		{4CA58D2C-BC1A-4080-982F-93A69E998EBF}.Debug|Any CPU.Build.0 = Debug|Any CPU
		{4CA58D2C-BC1A-4080-982F-93A69E998EBF}.Release|Any CPU.ActiveCfg = Release|Any CPU
		{4CA58D2C-BC1A-4080-982F-93A69E998EBF}.Release|Any CPU.Build.0 = Release|Any CPU
	EndGlobalSection
	GlobalSection(SolutionProperties) = preSolution
		HideSolutionNode = FALSE
	EndGlobalSection
	GlobalSection(ExtensibilityGlobals) = postSolution
		SolutionGuid = {9B88BD47-3167-49C0-B90D-0055F2255D26}
	EndGlobalSection
EndGlobal
